// !$*UTF8*$!
{
	archiveVersion = 1;
	classes = {
	};
	objectVersion = 56;
	objects = {

/* Begin PBXBuildFile section */
		C2A801212B337A7A009C21C2 /* HotelBookingApp.swift in Sources */ = {isa = PBXBuildFile; fileRef = C2A801202B337A7A009C21C2 /* HotelBookingApp.swift */; };
		C2A801232B337A7A009C21C2 /* ContentView.swift in Sources */ = {isa = PBXBuildFile; fileRef = C2A801222B337A7A009C21C2 /* ContentView.swift */; };
		C2A801252B337A7E009C21C2 /* Assets.xcassets in Resources */ = {isa = PBXBuildFile; fileRef = C2A801242B337A7E009C21C2 /* Assets.xcassets */; };
		C2A801282B337A7E009C21C2 /* Preview Assets.xcassets in Resources */ = {isa = PBXBuildFile; fileRef = C2A801272B337A7E009C21C2 /* Preview Assets.xcassets */; };
		C2C1138A2B34B9D90000ABA9 /* HotelDetailView.swift in Sources */ = {isa = PBXBuildFile; fileRef = C2C113892B34B9D90000ABA9 /* HotelDetailView.swift */; };
		C2C1138C2B36053A0000ABA9 /* GalleryAndTextView.swift in Sources */ = {isa = PBXBuildFile; fileRef = C2C1138B2B36053A0000ABA9 /* GalleryAndTextView.swift */; };
		C2C1138E2B3609EA0000ABA9 /* HotelInformationView.swift in Sources */ = {isa = PBXBuildFile; fileRef = C2C1138D2B3609EA0000ABA9 /* HotelInformationView.swift */; };
		C2C113902B3626800000ABA9 /* BookingView.swift in Sources */ = {isa = PBXBuildFile; fileRef = C2C1138F2B3626800000ABA9 /* BookingView.swift */; };
		C2C113922B377F050000ABA9 /* PersonalData.swift in Sources */ = {isa = PBXBuildFile; fileRef = C2C113912B377F050000ABA9 /* PersonalData.swift */; };
		C2C113942B377F470000ABA9 /* PersonDataInformation.swift in Sources */ = {isa = PBXBuildFile; fileRef = C2C113932B377F470000ABA9 /* PersonDataInformation.swift */; };
		C2C113962B3A0F0D0000ABA9 /* FinalScreenView.swift in Sources */ = {isa = PBXBuildFile; fileRef = C2C113952B3A0F0D0000ABA9 /* FinalScreenView.swift */; };
		C2C113982B3CA05A0000ABA9 /* CustomNavBarItemView.swift in Sources */ = {isa = PBXBuildFile; fileRef = C2C113972B3CA05A0000ABA9 /* CustomNavBarItemView.swift */; };
		C2C1139B2B3CAFA10000ABA9 /* GalleryView.swift in Sources */ = {isa = PBXBuildFile; fileRef = C2C1139A2B3CAFA10000ABA9 /* GalleryView.swift */; };
/* End PBXBuildFile section */

/* Begin PBXFileReference section */
		C2A8011D2B337A7A009C21C2 /* HotelBooking.app */ = {isa = PBXFileReference; explicitFileType = wrapper.application; includeInIndex = 0; path = HotelBooking.app; sourceTree = BUILT_PRODUCTS_DIR; };
		C2A801202B337A7A009C21C2 /* HotelBookingApp.swift */ = {isa = PBXFileReference; lastKnownFileType = sourcecode.swift; path = HotelBookingApp.swift; sourceTree = "<group>"; };
		C2A801222B337A7A009C21C2 /* ContentView.swift */ = {isa = PBXFileReference; lastKnownFileType = sourcecode.swift; path = ContentView.swift; sourceTree = "<group>"; };
		C2A801242B337A7E009C21C2 /* Assets.xcassets */ = {isa = PBXFileReference; lastKnownFileType = folder.assetcatalog; path = Assets.xcassets; sourceTree = "<group>"; };
		C2A801272B337A7E009C21C2 /* Preview Assets.xcassets */ = {isa = PBXFileReference; lastKnownFileType = folder.assetcatalog; path = "Preview Assets.xcassets"; sourceTree = "<group>"; };
		C2C113892B34B9D90000ABA9 /* HotelDetailView.swift */ = {isa = PBXFileReference; lastKnownFileType = sourcecode.swift; path = HotelDetailView.swift; sourceTree = "<group>"; };
		C2C1138B2B36053A0000ABA9 /* GalleryAndTextView.swift */ = {isa = PBXFileReference; lastKnownFileType = sourcecode.swift; path = GalleryAndTextView.swift; sourceTree = "<group>"; };
		C2C1138D2B3609EA0000ABA9 /* HotelInformationView.swift */ = {isa = PBXFileReference; lastKnownFileType = sourcecode.swift; path = HotelInformationView.swift; sourceTree = "<group>"; };
		C2C1138F2B3626800000ABA9 /* BookingView.swift */ = {isa = PBXFileReference; lastKnownFileType = sourcecode.swift; path = BookingView.swift; sourceTree = "<group>"; };
		C2C113912B377F050000ABA9 /* PersonalData.swift */ = {isa = PBXFileReference; lastKnownFileType = sourcecode.swift; path = PersonalData.swift; sourceTree = "<group>"; };
		C2C113932B377F470000ABA9 /* PersonDataInformation.swift */ = {isa = PBXFileReference; lastKnownFileType = sourcecode.swift; path = PersonDataInformation.swift; sourceTree = "<group>"; };
		C2C113952B3A0F0D0000ABA9 /* FinalScreenView.swift */ = {isa = PBXFileReference; lastKnownFileType = sourcecode.swift; path = FinalScreenView.swift; sourceTree = "<group>"; };
		C2C113972B3CA05A0000ABA9 /* CustomNavBarItemView.swift */ = {isa = PBXFileReference; lastKnownFileType = sourcecode.swift; path = CustomNavBarItemView.swift; sourceTree = "<group>"; };
		C2C1139A2B3CAFA10000ABA9 /* GalleryView.swift */ = {isa = PBXFileReference; lastKnownFileType = sourcecode.swift; path = GalleryView.swift; sourceTree = "<group>"; };
/* End PBXFileReference section */

/* Begin PBXFrameworksBuildPhase section */
		C2A8011A2B337A7A009C21C2 /* Frameworks */ = {
			isa = PBXFrameworksBuildPhase;
			buildActionMask = 2147483647;
			files = (
			);
			runOnlyForDeploymentPostprocessing = 0;
		};
/* End PBXFrameworksBuildPhase section */

/* Begin PBXGroup section */
		C2A801142B337A7A009C21C2 = {
			isa = PBXGroup;
			children = (
				C2A8011F2B337A7A009C21C2 /* HotelBooking */,
				C2A8011E2B337A7A009C21C2 /* Products */,
			);
			sourceTree = "<group>";
		};
		C2A8011E2B337A7A009C21C2 /* Products */ = {
			isa = PBXGroup;
			children = (
				C2A8011D2B337A7A009C21C2 /* HotelBooking.app */,
			);
			name = Products;
			sourceTree = "<group>";
		};
		C2A8011F2B337A7A009C21C2 /* HotelBooking */ = {
			isa = PBXGroup;
			children = (
				C2A801202B337A7A009C21C2 /* HotelBookingApp.swift */,
				C2A801222B337A7A009C21C2 /* ContentView.swift */,
				C2C1138F2B3626800000ABA9 /* BookingView.swift */,
				C2C1139C2B3CAFCC0000ABA9 /* Gallery */,
				C2C113992B3CAD640000ABA9 /* NavBarButton */,
				C2C113952B3A0F0D0000ABA9 /* FinalScreenView.swift */,
				C2C113912B377F050000ABA9 /* PersonalData.swift */,
				C2C113932B377F470000ABA9 /* PersonDataInformation.swift */,
				C2C1138D2B3609EA0000ABA9 /* HotelInformationView.swift */,
				C2C1138B2B36053A0000ABA9 /* GalleryAndTextView.swift */,
				C2C113892B34B9D90000ABA9 /* HotelDetailView.swift */,
				C2A801242B337A7E009C21C2 /* Assets.xcassets */,
				C2A801262B337A7E009C21C2 /* Preview Content */,
			);
			path = HotelBooking;
			sourceTree = "<group>";
		};
		C2A801262B337A7E009C21C2 /* Preview Content */ = {
			isa = PBXGroup;
			children = (
				C2A801272B337A7E009C21C2 /* Preview Assets.xcassets */,
			);
			path = "Preview Content";
			sourceTree = "<group>";
		};
		C2C113992B3CAD640000ABA9 /* NavBarButton */ = {
			isa = PBXGroup;
			children = (
				C2C113972B3CA05A0000ABA9 /* CustomNavBarItemView.swift */,
			);
			path = NavBarButton;
			sourceTree = "<group>";
		};
		C2C1139C2B3CAFCC0000ABA9 /* Gallery */ = {
			isa = PBXGroup;
			children = (
				C2C1139A2B3CAFA10000ABA9 /* GalleryView.swift */,
			);
			path = Gallery;
			sourceTree = "<group>";
		};
/* End PBXGroup section */

/* Begin PBXNativeTarget section */
		C2A8011C2B337A7A009C21C2 /* HotelBooking */ = {
			isa = PBXNativeTarget;
			buildConfigurationList = C2A8012B2B337A7E009C21C2 /* Build configuration list for PBXNativeTarget "HotelBooking" */;
			buildPhases = (
				C2A801192B337A7A009C21C2 /* Sources */,
				C2A8011A2B337A7A009C21C2 /* Frameworks */,
				C2A8011B2B337A7A009C21C2 /* Resources */,
			);
			buildRules = (
			);
			dependencies = (
			);
			name = HotelBooking;
			productName = HotelBooking;
			productReference = C2A8011D2B337A7A009C21C2 /* HotelBooking.app */;
			productType = "com.apple.product-type.application";
		};
/* End PBXNativeTarget section */

/* Begin PBXProject section */
		C2A801152B337A7A009C21C2 /* Project object */ = {
			isa = PBXProject;
			attributes = {
				BuildIndependentTargetsInParallel = 1;
				LastSwiftUpdateCheck = 1500;
				LastUpgradeCheck = 1500;
				TargetAttributes = {
					C2A8011C2B337A7A009C21C2 = {
						CreatedOnToolsVersion = 15.0.1;
					};
				};
			};
			buildConfigurationList = C2A801182B337A7A009C21C2 /* Build configuration list for PBXProject "HotelBooking" */;
			compatibilityVersion = "Xcode 14.0";
			developmentRegion = en;
			hasScannedForEncodings = 0;
			knownRegions = (
				en,
				Base,
			);
			mainGroup = C2A801142B337A7A009C21C2;
			productRefGroup = C2A8011E2B337A7A009C21C2 /* Products */;
			projectDirPath = "";
			projectRoot = "";
			targets = (
				C2A8011C2B337A7A009C21C2 /* HotelBooking */,
			);
		};
/* End PBXProject section */

/* Begin PBXResourcesBuildPhase section */
		C2A8011B2B337A7A009C21C2 /* Resources */ = {
			isa = PBXResourcesBuildPhase;
			buildActionMask = 2147483647;
			files = (
				C2A801282B337A7E009C21C2 /* Preview Assets.xcassets in Resources */,
				C2A801252B337A7E009C21C2 /* Assets.xcassets in Resources */,
			);
			runOnlyForDeploymentPostprocessing = 0;
		};
/* End PBXResourcesBuildPhase section */

/* Begin PBXSourcesBuildPhase section */
		C2A801192B337A7A009C21C2 /* Sources */ = {
			isa = PBXSourcesBuildPhase;
			buildActionMask = 2147483647;
			files = (
				C2C113902B3626800000ABA9 /* BookingView.swift in Sources */,
				C2A801232B337A7A009C21C2 /* ContentView.swift in Sources */,
				C2C113962B3A0F0D0000ABA9 /* FinalScreenView.swift in Sources */,
				C2C1138E2B3609EA0000ABA9 /* HotelInformationView.swift in Sources */,
				C2C113982B3CA05A0000ABA9 /* CustomNavBarItemView.swift in Sources */,
				C2A801212B337A7A009C21C2 /* HotelBookingApp.swift in Sources */,
				C2C1138C2B36053A0000ABA9 /* GalleryAndTextView.swift in Sources */,
				C2C113942B377F470000ABA9 /* PersonDataInformation.swift in Sources */,
				C2C1139B2B3CAFA10000ABA9 /* GalleryView.swift in Sources */,
				C2C113922B377F050000ABA9 /* PersonalData.swift in Sources */,
				C2C1138A2B34B9D90000ABA9 /* HotelDetailView.swift in Sources */,
			);
			runOnlyForDeploymentPostprocessing = 0;
		};
/* End PBXSourcesBuildPhase section */

/* Begin XCBuildConfiguration section */
		C2A801292B337A7E009C21C2 /* Debug */ = {
			isa = XCBuildConfiguration;
			buildSettings = {
				ALWAYS_SEARCH_USER_PATHS = NO;
				ASSETCATALOG_COMPILER_GENERATE_SWIFT_ASSET_SYMBOL_EXTENSIONS = YES;
				CLANG_ANALYZER_NONNULL = YES;
				CLANG_ANALYZER_NUMBER_OBJECT_CONVERSION = YES_AGGRESSIVE;
				CLANG_CXX_LANGUAGE_STANDARD = "gnu++20";
				CLANG_ENABLE_MODULES = YES;
				CLANG_ENABLE_OBJC_ARC = YES;
				CLANG_ENABLE_OBJC_WEAK = YES;
				CLANG_WARN_BLOCK_CAPTURE_AUTORELEASING = YES;
				CLANG_WARN_BOOL_CONVERSION = YES;
				CLANG_WARN_COMMA = YES;
				CLANG_WARN_CONSTANT_CONVERSION = YES;
				CLANG_WARN_DEPRECATED_OBJC_IMPLEMENTATIONS = YES;
				CLANG_WARN_DIRECT_OBJC_ISA_USAGE = YES_ERROR;
				CLANG_WARN_DOCUMENTATION_COMMENTS = YES;
				CLANG_WARN_EMPTY_BODY = YES;
				CLANG_WARN_ENUM_CONVERSION = YES;
				CLANG_WARN_INFINITE_RECURSION = YES;
				CLANG_WARN_INT_CONVERSION = YES;
				CLANG_WARN_NON_LITERAL_NULL_CONVERSION = YES;
				CLANG_WARN_OBJC_IMPLICIT_RETAIN_SELF = YES;
				CLANG_WARN_OBJC_LITERAL_CONVERSION = YES;
				CLANG_WARN_OBJC_ROOT_CLASS = YES_ERROR;
				CLANG_WARN_QUOTED_INCLUDE_IN_FRAMEWORK_HEADER = YES;
				CLANG_WARN_RANGE_LOOP_ANALYSIS = YES;
				CLANG_WARN_STRICT_PROTOTYPES = YES;
				CLANG_WARN_SUSPICIOUS_MOVE = YES;
				CLANG_WARN_UNGUARDED_AVAILABILITY = YES_AGGRESSIVE;
				CLANG_WARN_UNREACHABLE_CODE = YES;
				CLANG_WARN__DUPLICATE_METHOD_MATCH = YES;
				COPY_PHASE_STRIP = NO;
				DEBUG_INFORMATION_FORMAT = dwarf;
				ENABLE_STRICT_OBJC_MSGSEND = YES;
				ENABLE_TESTABILITY = YES;
				ENABLE_USER_SCRIPT_SANDBOXING = YES;
				GCC_C_LANGUAGE_STANDARD = gnu17;
				GCC_DYNAMIC_NO_PIC = NO;
				GCC_NO_COMMON_BLOCKS = YES;
				GCC_OPTIMIZATION_LEVEL = 0;
				GCC_PREPROCESSOR_DEFINITIONS = (
					"DEBUG=1",
					"$(inherited)",
				);
				GCC_WARN_64_TO_32_BIT_CONVERSION = YES;
				GCC_WARN_ABOUT_RETURN_TYPE = YES_ERROR;
				GCC_WARN_UNDECLARED_SELECTOR = YES;
				GCC_WARN_UNINITIALIZED_AUTOS = YES_AGGRESSIVE;
				GCC_WARN_UNUSED_FUNCTION = YES;
				GCC_WARN_UNUSED_VARIABLE = YES;
				IPHONEOS_DEPLOYMENT_TARGET = 17.0;
				LOCALIZATION_PREFERS_STRING_CATALOGS = YES;
				MTL_ENABLE_DEBUG_INFO = INCLUDE_SOURCE;
				MTL_FAST_MATH = YES;
				ONLY_ACTIVE_ARCH = YES;
				SDKROOT = iphoneos;
				SWIFT_ACTIVE_COMPILATION_CONDITIONS = "DEBUG $(inherited)";
				SWIFT_OPTIMIZATION_LEVEL = "-Onone";
			};
			name = Debug;
		};
		C2A8012A2B337A7E009C21C2 /* Release */ = {
			isa = XCBuildConfiguration;
			buildSettings = {
				ALWAYS_SEARCH_USER_PATHS = NO;
				ASSETCATALOG_COMPILER_GENERATE_SWIFT_ASSET_SYMBOL_EXTENSIONS = YES;
				CLANG_ANALYZER_NONNULL = YES;
				CLANG_ANALYZER_NUMBER_OBJECT_CONVERSION = YES_AGGRESSIVE;
				CLANG_CXX_LANGUAGE_STANDARD = "gnu++20";
				CLANG_ENABLE_MODULES = YES;
				CLANG_ENABLE_OBJC_ARC = YES;
				CLANG_ENABLE_OBJC_WEAK = YES;
				CLANG_WARN_BLOCK_CAPTURE_AUTORELEASING = YES;
				CLANG_WARN_BOOL_CONVERSION = YES;
				CLANG_WARN_COMMA = YES;
				CLANG_WARN_CONSTANT_CONVERSION = YES;
				CLANG_WARN_DEPRECATED_OBJC_IMPLEMENTATIONS = YES;
				CLANG_WARN_DIRECT_OBJC_ISA_USAGE = YES_ERROR;
				CLANG_WARN_DOCUMENTATION_COMMENTS = YES;
				CLANG_WARN_EMPTY_BODY = YES;
				CLANG_WARN_ENUM_CONVERSION = YES;
				CLANG_WARN_INFINITE_RECURSION = YES;
				CLANG_WARN_INT_CONVERSION = YES;
				CLANG_WARN_NON_LITERAL_NULL_CONVERSION = YES;
				CLANG_WARN_OBJC_IMPLICIT_RETAIN_SELF = YES;
				CLANG_WARN_OBJC_LITERAL_CONVERSION = YES;
				CLANG_WARN_OBJC_ROOT_CLASS = YES_ERROR;
				CLANG_WARN_QUOTED_INCLUDE_IN_FRAMEWORK_HEADER = YES;
				CLANG_WARN_RANGE_LOOP_ANALYSIS = YES;
				CLANG_WARN_STRICT_PROTOTYPES = YES;
				CLANG_WARN_SUSPICIOUS_MOVE = YES;
				CLANG_WARN_UNGUARDED_AVAILABILITY = YES_AGGRESSIVE;
				CLANG_WARN_UNREACHABLE_CODE = YES;
				CLANG_WARN__DUPLICATE_METHOD_MATCH = YES;
				COPY_PHASE_STRIP = NO;
				DEBUG_INFORMATION_FORMAT = "dwarf-with-dsym";
				ENABLE_NS_ASSERTIONS = NO;
				ENABLE_STRICT_OBJC_MSGSEND = YES;
				ENABLE_USER_SCRIPT_SANDBOXING = YES;
				GCC_C_LANGUAGE_STANDARD = gnu17;
				GCC_NO_COMMON_BLOCKS = YES;
				GCC_WARN_64_TO_32_BIT_CONVERSION = YES;
				GCC_WARN_ABOUT_RETURN_TYPE = YES_ERROR;
				GCC_WARN_UNDECLARED_SELECTOR = YES;
				GCC_WARN_UNINITIALIZED_AUTOS = YES_AGGRESSIVE;
				GCC_WARN_UNUSED_FUNCTION = YES;
				GCC_WARN_UNUSED_VARIABLE = YES;
				IPHONEOS_DEPLOYMENT_TARGET = 17.0;
				LOCALIZATION_PREFERS_STRING_CATALOGS = YES;
				MTL_ENABLE_DEBUG_INFO = NO;
				MTL_FAST_MATH = YES;
				SDKROOT = iphoneos;
				SWIFT_COMPILATION_MODE = wholemodule;
				VALIDATE_PRODUCT = YES;
			};
			name = Release;
		};
		C2A8012C2B337A7E009C21C2 /* Debug */ = {
			isa = XCBuildConfiguration;
			buildSettings = {
				ASSETCATALOG_COMPILER_APPICON_NAME = AppIcon;
				ASSETCATALOG_COMPILER_GLOBAL_ACCENT_COLOR_NAME = AccentColor;
				CODE_SIGN_STYLE = Automatic;
				CURRENT_PROJECT_VERSION = 1;
				DEVELOPMENT_ASSET_PATHS = "\"HotelBooking/Preview Content\"";
				DEVELOPMENT_TEAM = 4X2RRQ5FN4;
				ENABLE_PREVIEWS = YES;
				GENERATE_INFOPLIST_FILE = YES;
				INFOPLIST_KEY_UIApplicationSceneManifest_Generation = YES;
				INFOPLIST_KEY_UIApplicationSupportsIndirectInputEvents = YES;
				INFOPLIST_KEY_UILaunchScreen_Generation = YES;
				INFOPLIST_KEY_UISupportedInterfaceOrientations = UIInterfaceOrientationPortrait;
				INFOPLIST_KEY_UISupportedInterfaceOrientations_iPad = "UIInterfaceOrientationLandscapeLeft UIInterfaceOrientationLandscapeRight UIInterfaceOrientationPortrait UIInterfaceOrientationPortraitUpsideDown";
				IPHONEOS_DEPLOYMENT_TARGET = 15.0;
				LD_RUNPATH_SEARCH_PATHS = (
					"$(inherited)",
					"@executable_path/Frameworks",
				);
				MARKETING_VERSION = 1.0;
				PRODUCT_BUNDLE_IDENTIFIER = Snow.HotelBooking;
				PRODUCT_NAME = "$(TARGET_NAME)";
				SUPPORTED_PLATFORMS = "iphoneos iphonesimulator";
				SUPPORTS_MACCATALYST = NO;
				SUPPORTS_MAC_DESIGNED_FOR_IPHONE_IPAD = NO;
				SWIFT_EMIT_LOC_STRINGS = YES;
				SWIFT_VERSION = 5.0;
				TARGETED_DEVICE_FAMILY = 1;
			};
			name = Debug;
		};
		C2A8012D2B337A7E009C21C2 /* Release */ = {
			isa = XCBuildConfiguration;
			buildSettings = {
				ASSETCATALOG_COMPILER_APPICON_NAME = AppIcon;
				ASSETCATALOG_COMPILER_GLOBAL_ACCENT_COLOR_NAME = AccentColor;
				CODE_SIGN_STYLE = Automatic;
				CURRENT_PROJECT_VERSION = 1;
				DEVELOPMENT_ASSET_PATHS = "\"HotelBooking/Preview Content\"";
				DEVELOPMENT_TEAM = 4X2RRQ5FN4;
				ENABLE_PREVIEWS = YES;
				GENERATE_INFOPLIST_FILE = YES;
				INFOPLIST_KEY_UIApplicationSceneManifest_Generation = YES;
				INFOPLIST_KEY_UIApplicationSupportsIndirectInputEvents = YES;
				INFOPLIST_KEY_UILaunchScreen_Generation = YES;
				INFOPLIST_KEY_UISupportedInterfaceOrientations = UIInterfaceOrientationPortrait;
				INFOPLIST_KEY_UISupportedInterfaceOrientations_iPad = "UIInterfaceOrientationLandscapeLeft UIInterfaceOrientationLandscapeRight UIInterfaceOrientationPortrait UIInterfaceOrientationPortraitUpsideDown";
				IPHONEOS_DEPLOYMENT_TARGET = 15.0;
				LD_RUNPATH_SEARCH_PATHS = (
					"$(inherited)",
					"@executable_path/Frameworks",
				);
				MARKETING_VERSION = 1.0;
				PRODUCT_BUNDLE_IDENTIFIER = Snow.HotelBooking;
				PRODUCT_NAME = "$(TARGET_NAME)";
				SUPPORTED_PLATFORMS = "iphoneos iphonesimulator";
				SUPPORTS_MACCATALYST = NO;
				SUPPORTS_MAC_DESIGNED_FOR_IPHONE_IPAD = NO;
				SWIFT_EMIT_LOC_STRINGS = YES;
				SWIFT_VERSION = 5.0;
				TARGETED_DEVICE_FAMILY = 1;
			};
			name = Release;
		};
/* End XCBuildConfiguration section */

/* Begin XCConfigurationList section */
		C2A801182B337A7A009C21C2 /* Build configuration list for PBXProject "HotelBooking" */ = {
			isa = XCConfigurationList;
			buildConfigurations = (
				C2A801292B337A7E009C21C2 /* Debug */,
				C2A8012A2B337A7E009C21C2 /* Release */,
			);
			defaultConfigurationIsVisible = 0;
			defaultConfigurationName = Release;
		};
		C2A8012B2B337A7E009C21C2 /* Build configuration list for PBXNativeTarget "HotelBooking" */ = {
			isa = XCConfigurationList;
			buildConfigurations = (
				C2A8012C2B337A7E009C21C2 /* Debug */,
				C2A8012D2B337A7E009C21C2 /* Release */,
			);
			defaultConfigurationIsVisible = 0;
			defaultConfigurationName = Release;
		};
/* End XCConfigurationList section */
	};
	rootObject = C2A801152B337A7A009C21C2 /* Project object */;
}
